
Microsoft Visual Studio Solution File, Format Version 12.00
# Visual Studio Version 17
VisualStudioVersion = 17.14.36511.14 d17.14
MinimumVisualStudioVersion = 10.0.40219.1
Project("{FAE04EC0-301F-11D3-BF4B-00C04F79EFBC}") = "Controle_veiculos", "Controle_veiculos.csproj", "{D0894E8E-0254-4E1A-AC3D-6E64F41A5E1C}"
EndProject
Global
	GlobalSection(SolutionConfigurationPlatforms) = preSolution
		Debug|Any CPU = Debug|Any CPU
		Release|Any CPU = Release|Any CPU
	EndGlobalSection
	GlobalSection(ProjectConfigurationPlatforms) = postSolution
		{D0894E8E-0254-4E1A-AC3D-6E64F41A5E1C}.Debug|Any CPU.ActiveCfg = Debug|Any CPU
		{D0894E8E-0254-4E1A-AC3D-6E64F41A5E1C}.Debug|Any CPU.Build.0 = Debug|Any CPU
		{D0894E8E-0254-4E1A-AC3D-6E64F41A5E1C}.Release|Any CPU.ActiveCfg = Release|Any CPU
		{D0894E8E-0254-4E1A-AC3D-6E64F41A5E1C}.Release|Any CPU.Build.0 = Release|Any CPU
	EndGlobalSection
	GlobalSection(SolutionProperties) = preSolution
		HideSolutionNode = FALSE
	EndGlobalSection
	GlobalSection(ExtensibilityGlobals) = postSolution
		SolutionGuid = {1612A44A-7260-4319-9FF9-327BF29943E1}
	EndGlobalSection
EndGlobal
